
Microsoft Visual Studio Solution File, Format Version 12.00
# Visual Studio Version 17
VisualStudioVersion = 17.0.31903.59
MinimumVisualStudioVersion = 10.0.40219.1
Project("{FAE04EC0-301F-11D3-BF4B-00C04F79EFBC}") = "Qutora.API", "Qutora.API\Qutora.API.csproj", "{336014CC-1BBF-4195-A2A7-2B19A1904D49}"
EndProject
Project("{FAE04EC0-301F-11D3-BF4B-00C04F79EFBC}") = "Qutora.Domain", "Qutora.Domain\Qutora.Domain.csproj", "{5D8D646D-2580-41DB-8FF1-2A49768B43BC}"
EndProject
Project("{FAE04EC0-301F-11D3-BF4B-00C04F79EFBC}") = "Qutora.Application", "Qutora.Application\Qutora.Application.csproj", "{27F416D6-EB28-4824-824D-1AE1095B0647}"
EndProject
Project("{FAE04EC0-301F-11D3-BF4B-00C04F79EFBC}") = "Qutora.Infrastructure", "Qutora.Infrastructure\Qutora.Infrastructure.csproj", "{58DF8A67-188C-4816-9312-88352EED1E2D}"
EndProject
Project("{FAE04EC0-301F-11D3-BF4B-00C04F79EFBC}") = "Qutora.Database.Abstractions", "Qutora.Database.Abstractions\Qutora.Database.Abstractions.csproj", "{44086E88-EBDA-4936-8903-27A3ACEC1816}"
EndProject
Project("{FAE04EC0-301F-11D3-BF4B-00C04F79EFBC}") = "Qutora.Database.SqlServer", "Qutora.Database.SqlServer\Qutora.Database.SqlServer.csproj", "{A7D2FC16-FCF1-42EA-88F9-F7BB5F109F22}"
EndProject
Project("{FAE04EC0-301F-11D3-BF4B-00C04F79EFBC}") = "Qutora.Database.PostgreSQL", "Qutora.Database.PostgreSQL\Qutora.Database.PostgreSQL.csproj", "{920D04B3-EEBA-4BE2-AD9F-98F3CC0839EC}"
EndProject
Project("{FAE04EC0-301F-11D3-BF4B-00C04F79EFBC}") = "Qutora.Database.MySQL", "Qutora.Database.MySQL\Qutora.Database.MySQL.csproj", "{8EC047DD-4CC2-434F-9D04-95F079D37F57}"
EndProject
Project("{FAE04EC0-301F-11D3-BF4B-00C04F79EFBC}") = "Qutora.Shared", "Qutora.Shared\Qutora.Shared.csproj", "{7AA6D508-4EFB-4F8A-920D-5E5DE68867A4}"
EndProject
Global
	GlobalSection(SolutionConfigurationPlatforms) = preSolution
		Debug|Any CPU = Debug|Any CPU
		Debug|x64 = Debug|x64
		Debug|x86 = Debug|x86
		Release|Any CPU = Release|Any CPU
		Release|x64 = Release|x64
		Release|x86 = Release|x86
	EndGlobalSection
	GlobalSection(ProjectConfigurationPlatforms) = postSolution
		{336014CC-1BBF-4195-A2A7-2B19A1904D49}.Debug|Any CPU.ActiveCfg = Debug|Any CPU
		{336014CC-1BBF-4195-A2A7-2B19A1904D49}.Debug|Any CPU.Build.0 = Debug|Any CPU
		{336014CC-1BBF-4195-A2A7-2B19A1904D49}.Debug|x64.ActiveCfg = Debug|Any CPU
		{336014CC-1BBF-4195-A2A7-2B19A1904D49}.Debug|x64.Build.0 = Debug|Any CPU
		{336014CC-1BBF-4195-A2A7-2B19A1904D49}.Debug|x86.ActiveCfg = Debug|Any CPU
		{336014CC-1BBF-4195-A2A7-2B19A1904D49}.Debug|x86.Build.0 = Debug|Any CPU
		{336014CC-1BBF-4195-A2A7-2B19A1904D49}.Release|Any CPU.ActiveCfg = Release|Any CPU
		{336014CC-1BBF-4195-A2A7-2B19A1904D49}.Release|Any CPU.Build.0 = Release|Any CPU
		{336014CC-1BBF-4195-A2A7-2B19A1904D49}.Release|x64.ActiveCfg = Release|Any CPU
		{336014CC-1BBF-4195-A2A7-2B19A1904D49}.Release|x64.Build.0 = Release|Any CPU
		{336014CC-1BBF-4195-A2A7-2B19A1904D49}.Release|x86.ActiveCfg = Release|Any CPU
		{336014CC-1BBF-4195-A2A7-2B19A1904D49}.Release|x86.Build.0 = Release|Any CPU
		{5D8D646D-2580-41DB-8FF1-2A49768B43BC}.Debug|Any CPU.ActiveCfg = Debug|Any CPU
		{5D8D646D-2580-41DB-8FF1-2A49768B43BC}.Debug|Any CPU.Build.0 = Debug|Any CPU
		{5D8D646D-2580-41DB-8FF1-2A49768B43BC}.Debug|x64.ActiveCfg = Debug|Any CPU
		{5D8D646D-2580-41DB-8FF1-2A49768B43BC}.Debug|x64.Build.0 = Debug|Any CPU
		{5D8D646D-2580-41DB-8FF1-2A49768B43BC}.Debug|x86.ActiveCfg = Debug|Any CPU
		{5D8D646D-2580-41DB-8FF1-2A49768B43BC}.Debug|x86.Build.0 = Debug|Any CPU
		{5D8D646D-2580-41DB-8FF1-2A49768B43BC}.Release|Any CPU.ActiveCfg = Release|Any CPU
		{5D8D646D-2580-41DB-8FF1-2A49768B43BC}.Release|Any CPU.Build.0 = Release|Any CPU
		{5D8D646D-2580-41DB-8FF1-2A49768B43BC}.Release|x64.ActiveCfg = Release|Any CPU
		{5D8D646D-2580-41DB-8FF1-2A49768B43BC}.Release|x64.Build.0 = Release|Any CPU
		{5D8D646D-2580-41DB-8FF1-2A49768B43BC}.Release|x86.ActiveCfg = Release|Any CPU
		{5D8D646D-2580-41DB-8FF1-2A49768B43BC}.Release|x86.Build.0 = Release|Any CPU
		{27F416D6-EB28-4824-824D-1AE1095B0647}.Debug|Any CPU.ActiveCfg = Debug|Any CPU
		{27F416D6-EB28-4824-824D-1AE1095B0647}.Debug|Any CPU.Build.0 = Debug|Any CPU
		{27F416D6-EB28-4824-824D-1AE1095B0647}.Debug|x64.ActiveCfg = Debug|Any CPU
		{27F416D6-EB28-4824-824D-1AE1095B0647}.Debug|x64.Build.0 = Debug|Any CPU
		{27F416D6-EB28-4824-824D-1AE1095B0647}.Debug|x86.ActiveCfg = Debug|Any CPU
		{27F416D6-EB28-4824-824D-1AE1095B0647}.Debug|x86.Build.0 = Debug|Any CPU
		{27F416D6-EB28-4824-824D-1AE1095B0647}.Release|Any CPU.ActiveCfg = Release|Any CPU
		{27F416D6-EB28-4824-824D-1AE1095B0647}.Release|Any CPU.Build.0 = Release|Any CPU
		{27F416D6-EB28-4824-824D-1AE1095B0647}.Release|x64.ActiveCfg = Release|Any CPU
		{27F416D6-EB28-4824-824D-1AE1095B0647}.Release|x64.Build.0 = Release|Any CPU
		{27F416D6-EB28-4824-824D-1AE1095B0647}.Release|x86.ActiveCfg = Release|Any CPU
		{27F416D6-EB28-4824-824D-1AE1095B0647}.Release|x86.Build.0 = Release|Any CPU
		{58DF8A67-188C-4816-9312-88352EED1E2D}.Debug|Any CPU.ActiveCfg = Debug|Any CPU
		{58DF8A67-188C-4816-9312-88352EED1E2D}.Debug|Any CPU.Build.0 = Debug|Any CPU
		{58DF8A67-188C-4816-9312-88352EED1E2D}.Debug|x64.ActiveCfg = Debug|Any CPU
		{58DF8A67-188C-4816-9312-88352EED1E2D}.Debug|x64.Build.0 = Debug|Any CPU
		{58DF8A67-188C-4816-9312-88352EED1E2D}.Debug|x86.ActiveCfg = Debug|Any CPU
		{58DF8A67-188C-4816-9312-88352EED1E2D}.Debug|x86.Build.0 = Debug|Any CPU
		{58DF8A67-188C-4816-9312-88352EED1E2D}.Release|Any CPU.ActiveCfg = Release|Any CPU
		{58DF8A67-188C-4816-9312-88352EED1E2D}.Release|Any CPU.Build.0 = Release|Any CPU
		{58DF8A67-188C-4816-9312-88352EED1E2D}.Release|x64.ActiveCfg = Release|Any CPU
		{58DF8A67-188C-4816-9312-88352EED1E2D}.Release|x64.Build.0 = Release|Any CPU
		{58DF8A67-188C-4816-9312-88352EED1E2D}.Release|x86.ActiveCfg = Release|Any CPU
		{58DF8A67-188C-4816-9312-88352EED1E2D}.Release|x86.Build.0 = Release|Any CPU
		{44086E88-EBDA-4936-8903-27A3ACEC1816}.Debug|Any CPU.ActiveCfg = Debug|Any CPU
		{44086E88-EBDA-4936-8903-27A3ACEC1816}.Debug|Any CPU.Build.0 = Debug|Any CPU
		{44086E88-EBDA-4936-8903-27A3ACEC1816}.Debug|x64.ActiveCfg = Debug|Any CPU
		{44086E88-EBDA-4936-8903-27A3ACEC1816}.Debug|x64.Build.0 = Debug|Any CPU
		{44086E88-EBDA-4936-8903-27A3ACEC1816}.Debug|x86.ActiveCfg = Debug|Any CPU
		{44086E88-EBDA-4936-8903-27A3ACEC1816}.Debug|x86.Build.0 = Debug|Any CPU
		{44086E88-EBDA-4936-8903-27A3ACEC1816}.Release|Any CPU.ActiveCfg = Release|Any CPU
		{44086E88-EBDA-4936-8903-27A3ACEC1816}.Release|Any CPU.Build.0 = Release|Any CPU
		{44086E88-EBDA-4936-8903-27A3ACEC1816}.Release|x64.ActiveCfg = Release|Any CPU
		{44086E88-EBDA-4936-8903-27A3ACEC1816}.Release|x64.Build.0 = Release|Any CPU
		{44086E88-EBDA-4936-8903-27A3ACEC1816}.Release|x86.ActiveCfg = Release|Any CPU
		{44086E88-EBDA-4936-8903-27A3ACEC1816}.Release|x86.Build.0 = Release|Any CPU
		{A7D2FC16-FCF1-42EA-88F9-F7BB5F109F22}.Debug|Any CPU.ActiveCfg = Debug|Any CPU
		{A7D2FC16-FCF1-42EA-88F9-F7BB5F109F22}.Debug|Any CPU.Build.0 = Debug|Any CPU
		{A7D2FC16-FCF1-42EA-88F9-F7BB5F109F22}.Debug|x64.ActiveCfg = Debug|Any CPU
		{A7D2FC16-FCF1-42EA-88F9-F7BB5F109F22}.Debug|x64.Build.0 = Debug|Any CPU
		{A7D2FC16-FCF1-42EA-88F9-F7BB5F109F22}.Debug|x86.ActiveCfg = Debug|Any CPU
		{A7D2FC16-FCF1-42EA-88F9-F7BB5F109F22}.Debug|x86.Build.0 = Debug|Any CPU
		{A7D2FC16-FCF1-42EA-88F9-F7BB5F109F22}.Release|Any CPU.ActiveCfg = Release|Any CPU
		{A7D2FC16-FCF1-42EA-88F9-F7BB5F109F22}.Release|Any CPU.Build.0 = Release|Any CPU
		{A7D2FC16-FCF1-42EA-88F9-F7BB5F109F22}.Release|x64.ActiveCfg = Release|Any CPU
		{A7D2FC16-FCF1-42EA-88F9-F7BB5F109F22}.Release|x64.Build.0 = Release|Any CPU
		{A7D2FC16-FCF1-42EA-88F9-F7BB5F109F22}.Release|x86.ActiveCfg = Release|Any CPU
		{A7D2FC16-FCF1-42EA-88F9-F7BB5F109F22}.Release|x86.Build.0 = Release|Any CPU
		{920D04B3-EEBA-4BE2-AD9F-98F3CC0839EC}.Debug|Any CPU.ActiveCfg = Debug|Any CPU
		{920D04B3-EEBA-4BE2-AD9F-98F3CC0839EC}.Debug|Any CPU.Build.0 = Debug|Any CPU
		{920D04B3-EEBA-4BE2-AD9F-98F3CC0839EC}.Debug|x64.ActiveCfg = Debug|Any CPU
		{920D04B3-EEBA-4BE2-AD9F-98F3CC0839EC}.Debug|x64.Build.0 = Debug|Any CPU
		{920D04B3-EEBA-4BE2-AD9F-98F3CC0839EC}.Debug|x86.ActiveCfg = Debug|Any CPU
		{920D04B3-EEBA-4BE2-AD9F-98F3CC0839EC}.Debug|x86.Build.0 = Debug|Any CPU
		{920D04B3-EEBA-4BE2-AD9F-98F3CC0839EC}.Release|Any CPU.ActiveCfg = Release|Any CPU
		{920D04B3-EEBA-4BE2-AD9F-98F3CC0839EC}.Release|Any CPU.Build.0 = Release|Any CPU
		{920D04B3-EEBA-4BE2-AD9F-98F3CC0839EC}.Release|x64.ActiveCfg = Release|Any CPU
		{920D04B3-EEBA-4BE2-AD9F-98F3CC0839EC}.Release|x64.Build.0 = Release|Any CPU
		{920D04B3-EEBA-4BE2-AD9F-98F3CC0839EC}.Release|x86.ActiveCfg = Release|Any CPU
		{920D04B3-EEBA-4BE2-AD9F-98F3CC0839EC}.Release|x86.Build.0 = Release|Any CPU
		{8EC047DD-4CC2-434F-9D04-95F079D37F57}.Debug|Any CPU.ActiveCfg = Debug|Any CPU
		{8EC047DD-4CC2-434F-9D04-95F079D37F57}.Debug|Any CPU.Build.0 = Debug|Any CPU
		{8EC047DD-4CC2-434F-9D04-95F079D37F57}.Debug|x64.ActiveCfg = Debug|Any CPU
		{8EC047DD-4CC2-434F-9D04-95F079D37F57}.Debug|x64.Build.0 = Debug|Any CPU
		{8EC047DD-4CC2-434F-9D04-95F079D37F57}.Debug|x86.ActiveCfg = Debug|Any CPU
		{8EC047DD-4CC2-434F-9D04-95F079D37F57}.Debug|x86.Build.0 = Debug|Any CPU
		{8EC047DD-4CC2-434F-9D04-95F079D37F57}.Release|Any CPU.ActiveCfg = Release|Any CPU
		{8EC047DD-4CC2-434F-9D04-95F079D37F57}.Release|Any CPU.Build.0 = Release|Any CPU
		{8EC047DD-4CC2-434F-9D04-95F079D37F57}.Release|x64.ActiveCfg = Release|Any CPU
		{8EC047DD-4CC2-434F-9D04-95F079D37F57}.Release|x64.Build.0 = Release|Any CPU
		{8EC047DD-4CC2-434F-9D04-95F079D37F57}.Release|x86.ActiveCfg = Release|Any CPU
		{8EC047DD-4CC2-434F-9D04-95F079D37F57}.Release|x86.Build.0 = Release|Any CPU
		{7AA6D508-4EFB-4F8A-920D-5E5DE68867A4}.Debug|Any CPU.ActiveCfg = Debug|Any CPU
		{7AA6D508-4EFB-4F8A-920D-5E5DE68867A4}.Debug|Any CPU.Build.0 = Debug|Any CPU
		{7AA6D508-4EFB-4F8A-920D-5E5DE68867A4}.Debug|x64.ActiveCfg = Debug|Any CPU
		{7AA6D508-4EFB-4F8A-920D-5E5DE68867A4}.Debug|x64.Build.0 = Debug|Any CPU
		{7AA6D508-4EFB-4F8A-920D-5E5DE68867A4}.Debug|x86.ActiveCfg = Debug|Any CPU
		{7AA6D508-4EFB-4F8A-920D-5E5DE68867A4}.Debug|x86.Build.0 = Debug|Any CPU
		{7AA6D508-4EFB-4F8A-920D-5E5DE68867A4}.Release|Any CPU.ActiveCfg = Release|Any CPU
		{7AA6D508-4EFB-4F8A-920D-5E5DE68867A4}.Release|Any CPU.Build.0 = Release|Any CPU
		{7AA6D508-4EFB-4F8A-920D-5E5DE68867A4}.Release|x64.ActiveCfg = Release|Any CPU
		{7AA6D508-4EFB-4F8A-920D-5E5DE68867A4}.Release|x64.Build.0 = Release|Any CPU
		{7AA6D508-4EFB-4F8A-920D-5E5DE68867A4}.Release|x86.ActiveCfg = Release|Any CPU
		{7AA6D508-4EFB-4F8A-920D-5E5DE68867A4}.Release|x86.Build.0 = Release|Any CPU
	EndGlobalSection
	GlobalSection(SolutionProperties) = preSolution
		HideSolutionNode = FALSE
	EndGlobalSection
EndGlobal
